
Microsoft Visual Studio Solution File, Format Version 12.00
# Visual Studio Version 16
VisualStudioVersion = 16.0.31702.278
MinimumVisualStudioVersion = 10.0.40219.1
Project("{9A19103F-16F7-4668-BE54-9A1E7A4F7556}") = "aditionalTask", "aditionalTask\aditionalTask.csproj", "{1C119C35-50C2-4CDB-9269-0367976DFF7C}"
EndProject
Project("{FAE04EC0-301F-11D3-BF4B-00C04F79EFBC}") = "task2Alternative", "task2Alternative\task2Alternative.csproj", "{780F1CAC-D359-47AB-9D54-F9E76F9C7E70}"
EndProject
Project("{FAE04EC0-301F-11D3-BF4B-00C04F79EFBC}") = "task3", "task3\task3.csproj", "{BC63ECD0-D1BC-4DB6-B4F2-EE01FEBDB371}"
EndProject
Global
	GlobalSection(SolutionConfigurationPlatforms) = preSolution
		Debug|Any CPU = Debug|Any CPU
		Release|Any CPU = Release|Any CPU
	EndGlobalSection
	GlobalSection(ProjectConfigurationPlatforms) = postSolution
		{1C119C35-50C2-4CDB-9269-0367976DFF7C}.Debug|Any CPU.ActiveCfg = Debug|Any CPU
		{1C119C35-50C2-4CDB-9269-0367976DFF7C}.Debug|Any CPU.Build.0 = Debug|Any CPU
		{1C119C35-50C2-4CDB-9269-0367976DFF7C}.Release|Any CPU.ActiveCfg = Release|Any CPU
		{1C119C35-50C2-4CDB-9269-0367976DFF7C}.Release|Any CPU.Build.0 = Release|Any CPU
		{780F1CAC-D359-47AB-9D54-F9E76F9C7E70}.Debug|Any CPU.ActiveCfg = Debug|Any CPU
		{780F1CAC-D359-47AB-9D54-F9E76F9C7E70}.Debug|Any CPU.Build.0 = Debug|Any CPU
		{780F1CAC-D359-47AB-9D54-F9E76F9C7E70}.Release|Any CPU.ActiveCfg = Release|Any CPU
		{780F1CAC-D359-47AB-9D54-F9E76F9C7E70}.Release|Any CPU.Build.0 = Release|Any CPU
		{BC63ECD0-D1BC-4DB6-B4F2-EE01FEBDB371}.Debug|Any CPU.ActiveCfg = Debug|Any CPU
		{BC63ECD0-D1BC-4DB6-B4F2-EE01FEBDB371}.Debug|Any CPU.Build.0 = Debug|Any CPU
		{BC63ECD0-D1BC-4DB6-B4F2-EE01FEBDB371}.Release|Any CPU.ActiveCfg = Release|Any CPU
		{BC63ECD0-D1BC-4DB6-B4F2-EE01FEBDB371}.Release|Any CPU.Build.0 = Release|Any CPU
	EndGlobalSection
	GlobalSection(SolutionProperties) = preSolution
		HideSolutionNode = FALSE
	EndGlobalSection
	GlobalSection(ExtensibilityGlobals) = postSolution
		SolutionGuid = {F50ED863-E638-4CCD-AC7B-B8DB10843262}
	EndGlobalSection
EndGlobal
